
Microsoft Visual Studio Solution File, Format Version 12.00
# Visual Studio Version 16
VisualStudioVersion = 16.0.31313.79
MinimumVisualStudioVersion = 10.0.40219.1
Project("{FAE04EC0-301F-11D3-BF4B-00C04F79EFBC}") = "avtomat-bandit", "avtomat-bandit.csproj", "{1E7C05A7-718F-41E0-9E16-168C550CEDEB}"
EndProject
Global
	GlobalSection(SolutionConfigurationPlatforms) = preSolution
		Debug|Any CPU = Debug|Any CPU
		Release|Any CPU = Release|Any CPU
	EndGlobalSection
	GlobalSection(ProjectConfigurationPlatforms) = postSolution
		{1E7C05A7-718F-41E0-9E16-168C550CEDEB}.Debug|Any CPU.ActiveCfg = Debug|Any CPU
		{1E7C05A7-718F-41E0-9E16-168C550CEDEB}.Debug|Any CPU.Build.0 = Debug|Any CPU
		{1E7C05A7-718F-41E0-9E16-168C550CEDEB}.Release|Any CPU.ActiveCfg = Release|Any CPU
		{1E7C05A7-718F-41E0-9E16-168C550CEDEB}.Release|Any CPU.Build.0 = Release|Any CPU
	EndGlobalSection
	GlobalSection(SolutionProperties) = preSolution
		HideSolutionNode = FALSE
	EndGlobalSection
	GlobalSection(ExtensibilityGlobals) = postSolution
		SolutionGuid = {05BB1277-B16E-4922-BFD1-6DD12F0667D2}
	EndGlobalSection
EndGlobal
